
Microsoft Visual Studio Solution File, Format Version 12.00
# Visual Studio Version 17
VisualStudioVersion = 17.1.32421.90
MinimumVisualStudioVersion = 10.0.40219.1
Project("{D954291E-2A0B-460D-934E-DC6B0785DB48}") = "PomodoroApp.Shared", "PomodoroApp\PomodoroApp.Shared\PomodoroApp.Shared.shproj", "{6279C845-92F8-4333-AB99-3D213163593C}"
EndProject
Project("{2150E333-8FDC-42A3-9474-1A3956D46DE8}") = "Platforms", "Platforms", "{CDBF1527-3A6D-4240-A84E-832A31DC7104}"
EndProject
Project("{FAE04EC0-301F-11D3-BF4B-00C04F79EFBC}") = "PomodoroApp.Droid", "PomodoroApp\PomodoroApp.Droid\PomodoroApp.Droid.csproj", "{128B70EC-AAF1-41BC-A48C-1B11EE173016}"
EndProject
Project("{FAE04EC0-301F-11D3-BF4B-00C04F79EFBC}") = "PomodoroApp.iOS", "PomodoroApp\PomodoroApp.iOS\PomodoroApp.iOS.csproj", "{2D955BB5-7D03-4940-A276-BA522406C123}"
EndProject
Project("{FAE04EC0-301F-11D3-BF4B-00C04F79EFBC}") = "PomodoroApp.UWP", "PomodoroApp\PomodoroApp.UWP\PomodoroApp.UWP.csproj", "{BA0F0E94-98BF-4D05-A7EB-9C20C7A4BFCB}"
EndProject
Project("{FAE04EC0-301F-11D3-BF4B-00C04F79EFBC}") = "PomodoroApp.Wasm", "PomodoroApp\PomodoroApp.Wasm\PomodoroApp.Wasm.csproj", "{A3A68186-41A1-4C8B-ABD4-3F1BAF9B9F93}"
EndProject
Project("{FAE04EC0-301F-11D3-BF4B-00C04F79EFBC}") = "PomodoroApp.macOS", "PomodoroApp\PomodoroApp.macOS\PomodoroApp.macOS.csproj", "{C1D27656-4A85-4052-995D-E99D0AE648B9}"
EndProject
Project("{FAE04EC0-301F-11D3-BF4B-00C04F79EFBC}") = "PomodoroApp.Skia.Wpf.Host", "PomodoroApp\PomodoroApp.Skia.Wpf.Host\PomodoroApp.Skia.Wpf.Host.csproj", "{6F3C2340-59D3-41EB-A34E-CF9936F9E93A}"
EndProject
Project("{FAE04EC0-301F-11D3-BF4B-00C04F79EFBC}") = "PomodoroApp.Skia.Wpf", "PomodoroApp\PomodoroApp.Skia.Wpf\PomodoroApp.Skia.Wpf.csproj", "{7498FE54-379D-4B60-B22E-98D0AA1743F5}"
EndProject
Project("{FAE04EC0-301F-11D3-BF4B-00C04F79EFBC}") = "PomodoroApp.Skia.Gtk", "PomodoroApp\PomodoroApp.Skia.Gtk\PomodoroApp.Skia.Gtk.csproj", "{6885C77C-16AC-4E1D-AF87-6EC6DD0880E2}"
EndProject
Project("{FAE04EC0-301F-11D3-BF4B-00C04F79EFBC}") = "PomodoroApp.Skia.Tizen", "PomodoroApp\PomodoroApp.Skia.Tizen\PomodoroApp.Skia.Tizen.csproj", "{EB3146A6-13EF-4F82-9D73-17FE97078AB4}"
EndProject
Global
	GlobalSection(SharedMSBuildProjectFiles) = preSolution
		PomodoroApp\PomodoroApp.Shared\PomodoroApp.Shared.projitems*{128b70ec-aaf1-41bc-a48c-1b11ee173016}*SharedItemsImports = 4
		PomodoroApp\PomodoroApp.Shared\PomodoroApp.Shared.projitems*{2d955bb5-7d03-4940-a276-ba522406c123}*SharedItemsImports = 4
		PomodoroApp\PomodoroApp.Shared\PomodoroApp.Shared.projitems*{6279c845-92f8-4333-ab99-3d213163593c}*SharedItemsImports = 13
		PomodoroApp\PomodoroApp.Shared\PomodoroApp.Shared.projitems*{6885c77c-16ac-4e1d-af87-6ec6dd0880e2}*SharedItemsImports = 5
		PomodoroApp\PomodoroApp.Shared\PomodoroApp.Shared.projitems*{7498fe54-379d-4b60-b22e-98d0aa1743f5}*SharedItemsImports = 5
		PomodoroApp\PomodoroApp.Shared\PomodoroApp.Shared.projitems*{a3a68186-41a1-4c8b-abd4-3f1baf9b9f93}*SharedItemsImports = 5
		PomodoroApp\PomodoroApp.Shared\PomodoroApp.Shared.projitems*{ba0f0e94-98bf-4d05-a7eb-9c20c7a4bfcb}*SharedItemsImports = 4
		PomodoroApp\PomodoroApp.Shared\PomodoroApp.Shared.projitems*{c1d27656-4a85-4052-995d-e99d0ae648b9}*SharedItemsImports = 4
		PomodoroApp\PomodoroApp.Shared\PomodoroApp.Shared.projitems*{eb3146a6-13ef-4f82-9d73-17fe97078ab4}*SharedItemsImports = 5
	EndGlobalSection
	GlobalSection(SolutionConfigurationPlatforms) = preSolution
		Ad-Hoc|Any CPU = Ad-Hoc|Any CPU
		Ad-Hoc|ARM = Ad-Hoc|ARM
		Ad-Hoc|ARM64 = Ad-Hoc|ARM64
		Ad-Hoc|iPhone = Ad-Hoc|iPhone
		Ad-Hoc|iPhoneSimulator = Ad-Hoc|iPhoneSimulator
		Ad-Hoc|x64 = Ad-Hoc|x64
		Ad-Hoc|x86 = Ad-Hoc|x86
		AppStore|Any CPU = AppStore|Any CPU
		AppStore|ARM = AppStore|ARM
		AppStore|ARM64 = AppStore|ARM64
		AppStore|iPhone = AppStore|iPhone
		AppStore|iPhoneSimulator = AppStore|iPhoneSimulator
		AppStore|x64 = AppStore|x64
		AppStore|x86 = AppStore|x86
		Debug|Any CPU = Debug|Any CPU
		Debug|ARM = Debug|ARM
		Debug|ARM64 = Debug|ARM64
		Debug|iPhone = Debug|iPhone
		Debug|iPhoneSimulator = Debug|iPhoneSimulator
		Debug|x64 = Debug|x64
		Debug|x86 = Debug|x86
		Release|Any CPU = Release|Any CPU
		Release|ARM = Release|ARM
		Release|ARM64 = Release|ARM64
		Release|iPhone = Release|iPhone
		Release|iPhoneSimulator = Release|iPhoneSimulator
		Release|x64 = Release|x64
		Release|x86 = Release|x86
	EndGlobalSection
	GlobalSection(ProjectConfigurationPlatforms) = postSolution
		{128B70EC-AAF1-41BC-A48C-1B11EE173016}.Ad-Hoc|Any CPU.ActiveCfg = Debug|Any CPU
		{128B70EC-AAF1-41BC-A48C-1B11EE173016}.Ad-Hoc|Any CPU.Build.0 = Debug|Any CPU
		{128B70EC-AAF1-41BC-A48C-1B11EE173016}.Ad-Hoc|Any CPU.Deploy.0 = Debug|Any CPU
		{128B70EC-AAF1-41BC-A48C-1B11EE173016}.Ad-Hoc|ARM.ActiveCfg = Debug|Any CPU
		{128B70EC-AAF1-41BC-A48C-1B11EE173016}.Ad-Hoc|ARM.Build.0 = Debug|Any CPU
		{128B70EC-AAF1-41BC-A48C-1B11EE173016}.Ad-Hoc|ARM.Deploy.0 = Debug|Any CPU
		{128B70EC-AAF1-41BC-A48C-1B11EE173016}.Ad-Hoc|ARM64.ActiveCfg = Debug|Any CPU
		{128B70EC-AAF1-41BC-A48C-1B11EE173016}.Ad-Hoc|ARM64.Build.0 = Debug|Any CPU
		{128B70EC-AAF1-41BC-A48C-1B11EE173016}.Ad-Hoc|ARM64.Deploy.0 = Debug|Any CPU
		{128B70EC-AAF1-41BC-A48C-1B11EE173016}.Ad-Hoc|iPhone.ActiveCfg = Debug|Any CPU
		{128B70EC-AAF1-41BC-A48C-1B11EE173016}.Ad-Hoc|iPhone.Build.0 = Debug|Any CPU
		{128B70EC-AAF1-41BC-A48C-1B11EE173016}.Ad-Hoc|iPhone.Deploy.0 = Debug|Any CPU
		{128B70EC-AAF1-41BC-A48C-1B11EE173016}.Ad-Hoc|iPhoneSimulator.ActiveCfg = Debug|Any CPU
		{128B70EC-AAF1-41BC-A48C-1B11EE173016}.Ad-Hoc|iPhoneSimulator.Build.0 = Debug|Any CPU
		{128B70EC-AAF1-41BC-A48C-1B11EE173016}.Ad-Hoc|iPhoneSimulator.Deploy.0 = Debug|Any CPU
		{128B70EC-AAF1-41BC-A48C-1B11EE173016}.Ad-Hoc|x64.ActiveCfg = Debug|Any CPU
		{128B70EC-AAF1-41BC-A48C-1B11EE173016}.Ad-Hoc|x64.Build.0 = Debug|Any CPU
		{128B70EC-AAF1-41BC-A48C-1B11EE173016}.Ad-Hoc|x64.Deploy.0 = Debug|Any CPU
		{128B70EC-AAF1-41BC-A48C-1B11EE173016}.Ad-Hoc|x86.ActiveCfg = Debug|Any CPU
		{128B70EC-AAF1-41BC-A48C-1B11EE173016}.Ad-Hoc|x86.Build.0 = Debug|Any CPU
		{128B70EC-AAF1-41BC-A48C-1B11EE173016}.Ad-Hoc|x86.Deploy.0 = Debug|Any CPU
		{128B70EC-AAF1-41BC-A48C-1B11EE173016}.AppStore|Any CPU.ActiveCfg = Debug|Any CPU
		{128B70EC-AAF1-41BC-A48C-1B11EE173016}.AppStore|Any CPU.Build.0 = Debug|Any CPU
		{128B70EC-AAF1-41BC-A48C-1B11EE173016}.AppStore|Any CPU.Deploy.0 = Debug|Any CPU
		{128B70EC-AAF1-41BC-A48C-1B11EE173016}.AppStore|ARM.ActiveCfg = Debug|Any CPU
		{128B70EC-AAF1-41BC-A48C-1B11EE173016}.AppStore|ARM.Build.0 = Debug|Any CPU
		{128B70EC-AAF1-41BC-A48C-1B11EE173016}.AppStore|ARM.Deploy.0 = Debug|Any CPU
		{128B70EC-AAF1-41BC-A48C-1B11EE173016}.AppStore|ARM64.ActiveCfg = Debug|Any CPU
		{128B70EC-AAF1-41BC-A48C-1B11EE173016}.AppStore|ARM64.Build.0 = Debug|Any CPU
		{128B70EC-AAF1-41BC-A48C-1B11EE173016}.AppStore|ARM64.Deploy.0 = Debug|Any CPU
		{128B70EC-AAF1-41BC-A48C-1B11EE173016}.AppStore|iPhone.ActiveCfg = Debug|Any CPU
		{128B70EC-AAF1-41BC-A48C-1B11EE173016}.AppStore|iPhone.Build.0 = Debug|Any CPU
		{128B70EC-AAF1-41BC-A48C-1B11EE173016}.AppStore|iPhone.Deploy.0 = Debug|Any CPU
		{128B70EC-AAF1-41BC-A48C-1B11EE173016}.AppStore|iPhoneSimulator.ActiveCfg = Debug|Any CPU
		{128B70EC-AAF1-41BC-A48C-1B11EE173016}.AppStore|iPhoneSimulator.Build.0 = Debug|Any CPU
		{128B70EC-AAF1-41BC-A48C-1B11EE173016}.AppStore|iPhoneSimulator.Deploy.0 = Debug|Any CPU
		{128B70EC-AAF1-41BC-A48C-1B11EE173016}.AppStore|x64.ActiveCfg = Debug|Any CPU
		{128B70EC-AAF1-41BC-A48C-1B11EE173016}.AppStore|x64.Build.0 = Debug|Any CPU
		{128B70EC-AAF1-41BC-A48C-1B11EE173016}.AppStore|x64.Deploy.0 = Debug|Any CPU
		{128B70EC-AAF1-41BC-A48C-1B11EE173016}.AppStore|x86.ActiveCfg = Debug|Any CPU
		{128B70EC-AAF1-41BC-A48C-1B11EE173016}.AppStore|x86.Build.0 = Debug|Any CPU
		{128B70EC-AAF1-41BC-A48C-1B11EE173016}.AppStore|x86.Deploy.0 = Debug|Any CPU
		{128B70EC-AAF1-41BC-A48C-1B11EE173016}.Debug|Any CPU.ActiveCfg = Debug|Any CPU
		{128B70EC-AAF1-41BC-A48C-1B11EE173016}.Debug|Any CPU.Build.0 = Debug|Any CPU
		{128B70EC-AAF1-41BC-A48C-1B11EE173016}.Debug|Any CPU.Deploy.0 = Debug|Any CPU
		{128B70EC-AAF1-41BC-A48C-1B11EE173016}.Debug|ARM.ActiveCfg = Debug|Any CPU
		{128B70EC-AAF1-41BC-A48C-1B11EE173016}.Debug|ARM.Build.0 = Debug|Any CPU
		{128B70EC-AAF1-41BC-A48C-1B11EE173016}.Debug|ARM.Deploy.0 = Debug|Any CPU
		{128B70EC-AAF1-41BC-A48C-1B11EE173016}.Debug|ARM64.ActiveCfg = Debug|Any CPU
		{128B70EC-AAF1-41BC-A48C-1B11EE173016}.Debug|ARM64.Build.0 = Debug|Any CPU
		{128B70EC-AAF1-41BC-A48C-1B11EE173016}.Debug|ARM64.Deploy.0 = Debug|Any CPU
		{128B70EC-AAF1-41BC-A48C-1B11EE173016}.Debug|iPhone.ActiveCfg = Debug|Any CPU
		{128B70EC-AAF1-41BC-A48C-1B11EE173016}.Debug|iPhone.Build.0 = Debug|Any CPU
		{128B70EC-AAF1-41BC-A48C-1B11EE173016}.Debug|iPhone.Deploy.0 = Debug|Any CPU
		{128B70EC-AAF1-41BC-A48C-1B11EE173016}.Debug|iPhoneSimulator.ActiveCfg = Debug|Any CPU
		{128B70EC-AAF1-41BC-A48C-1B11EE173016}.Debug|iPhoneSimulator.Build.0 = Debug|Any CPU
		{128B70EC-AAF1-41BC-A48C-1B11EE173016}.Debug|iPhoneSimulator.Deploy.0 = Debug|Any CPU
		{128B70EC-AAF1-41BC-A48C-1B11EE173016}.Debug|x64.ActiveCfg = Debug|Any CPU
		{128B70EC-AAF1-41BC-A48C-1B11EE173016}.Debug|x64.Build.0 = Debug|Any CPU
		{128B70EC-AAF1-41BC-A48C-1B11EE173016}.Debug|x64.Deploy.0 = Debug|Any CPU
		{128B70EC-AAF1-41BC-A48C-1B11EE173016}.Debug|x86.ActiveCfg = Debug|Any CPU
		{128B70EC-AAF1-41BC-A48C-1B11EE173016}.Debug|x86.Build.0 = Debug|Any CPU
		{128B70EC-AAF1-41BC-A48C-1B11EE173016}.Debug|x86.Deploy.0 = Debug|Any CPU
		{128B70EC-AAF1-41BC-A48C-1B11EE173016}.Release|Any CPU.ActiveCfg = Release|Any CPU
		{128B70EC-AAF1-41BC-A48C-1B11EE173016}.Release|Any CPU.Build.0 = Release|Any CPU
		{128B70EC-AAF1-41BC-A48C-1B11EE173016}.Release|Any CPU.Deploy.0 = Release|Any CPU
		{128B70EC-AAF1-41BC-A48C-1B11EE173016}.Release|ARM.ActiveCfg = Release|Any CPU
		{128B70EC-AAF1-41BC-A48C-1B11EE173016}.Release|ARM.Build.0 = Release|Any CPU
		{128B70EC-AAF1-41BC-A48C-1B11EE173016}.Release|ARM.Deploy.0 = Release|Any CPU
		{128B70EC-AAF1-41BC-A48C-1B11EE173016}.Release|ARM64.ActiveCfg = Release|Any CPU
		{128B70EC-AAF1-41BC-A48C-1B11EE173016}.Release|ARM64.Build.0 = Release|Any CPU
		{128B70EC-AAF1-41BC-A48C-1B11EE173016}.Release|ARM64.Deploy.0 = Release|Any CPU
		{128B70EC-AAF1-41BC-A48C-1B11EE173016}.Release|iPhone.ActiveCfg = Release|Any CPU
		{128B70EC-AAF1-41BC-A48C-1B11EE173016}.Release|iPhone.Build.0 = Release|Any CPU
		{128B70EC-AAF1-41BC-A48C-1B11EE173016}.Release|iPhone.Deploy.0 = Release|Any CPU
		{128B70EC-AAF1-41BC-A48C-1B11EE173016}.Release|iPhoneSimulator.ActiveCfg = Release|Any CPU
		{128B70EC-AAF1-41BC-A48C-1B11EE173016}.Release|iPhoneSimulator.Build.0 = Release|Any CPU
		{128B70EC-AAF1-41BC-A48C-1B11EE173016}.Release|iPhoneSimulator.Deploy.0 = Release|Any CPU
		{128B70EC-AAF1-41BC-A48C-1B11EE173016}.Release|x64.ActiveCfg = Release|Any CPU
		{128B70EC-AAF1-41BC-A48C-1B11EE173016}.Release|x64.Build.0 = Release|Any CPU
		{128B70EC-AAF1-41BC-A48C-1B11EE173016}.Release|x64.Deploy.0 = Release|Any CPU
		{128B70EC-AAF1-41BC-A48C-1B11EE173016}.Release|x86.ActiveCfg = Release|Any CPU
		{128B70EC-AAF1-41BC-A48C-1B11EE173016}.Release|x86.Build.0 = Release|Any CPU
		{128B70EC-AAF1-41BC-A48C-1B11EE173016}.Release|x86.Deploy.0 = Release|Any CPU
		{2D955BB5-7D03-4940-A276-BA522406C123}.Ad-Hoc|Any CPU.ActiveCfg = Ad-Hoc|iPhoneSimulator
		{2D955BB5-7D03-4940-A276-BA522406C123}.Ad-Hoc|Any CPU.Build.0 = Ad-Hoc|iPhoneSimulator
		{2D955BB5-7D03-4940-A276-BA522406C123}.Ad-Hoc|ARM.ActiveCfg = Ad-Hoc|iPhoneSimulator
		{2D955BB5-7D03-4940-A276-BA522406C123}.Ad-Hoc|ARM.Build.0 = Ad-Hoc|iPhoneSimulator
		{2D955BB5-7D03-4940-A276-BA522406C123}.Ad-Hoc|ARM64.ActiveCfg = Ad-Hoc|iPhoneSimulator
		{2D955BB5-7D03-4940-A276-BA522406C123}.Ad-Hoc|ARM64.Build.0 = Ad-Hoc|iPhoneSimulator
		{2D955BB5-7D03-4940-A276-BA522406C123}.Ad-Hoc|iPhone.ActiveCfg = Ad-Hoc|iPhone
		{2D955BB5-7D03-4940-A276-BA522406C123}.Ad-Hoc|iPhone.Build.0 = Ad-Hoc|iPhone
		{2D955BB5-7D03-4940-A276-BA522406C123}.Ad-Hoc|iPhoneSimulator.ActiveCfg = Ad-Hoc|iPhoneSimulator
		{2D955BB5-7D03-4940-A276-BA522406C123}.Ad-Hoc|iPhoneSimulator.Build.0 = Ad-Hoc|iPhoneSimulator
		{2D955BB5-7D03-4940-A276-BA522406C123}.Ad-Hoc|x64.ActiveCfg = Ad-Hoc|iPhoneSimulator
		{2D955BB5-7D03-4940-A276-BA522406C123}.Ad-Hoc|x64.Build.0 = Ad-Hoc|iPhoneSimulator
		{2D955BB5-7D03-4940-A276-BA522406C123}.Ad-Hoc|x86.ActiveCfg = Ad-Hoc|iPhoneSimulator
		{2D955BB5-7D03-4940-A276-BA522406C123}.Ad-Hoc|x86.Build.0 = Ad-Hoc|iPhoneSimulator
		{2D955BB5-7D03-4940-A276-BA522406C123}.AppStore|Any CPU.ActiveCfg = AppStore|iPhoneSimulator
		{2D955BB5-7D03-4940-A276-BA522406C123}.AppStore|Any CPU.Build.0 = AppStore|iPhoneSimulator
		{2D955BB5-7D03-4940-A276-BA522406C123}.AppStore|ARM.ActiveCfg = AppStore|iPhoneSimulator
		{2D955BB5-7D03-4940-A276-BA522406C123}.AppStore|ARM.Build.0 = AppStore|iPhoneSimulator
		{2D955BB5-7D03-4940-A276-BA522406C123}.AppStore|ARM64.ActiveCfg = AppStore|iPhoneSimulator
		{2D955BB5-7D03-4940-A276-BA522406C123}.AppStore|ARM64.Build.0 = AppStore|iPhoneSimulator
		{2D955BB5-7D03-4940-A276-BA522406C123}.AppStore|iPhone.ActiveCfg = AppStore|iPhone
		{2D955BB5-7D03-4940-A276-BA522406C123}.AppStore|iPhone.Build.0 = AppStore|iPhone
		{2D955BB5-7D03-4940-A276-BA522406C123}.AppStore|iPhoneSimulator.ActiveCfg = AppStore|iPhoneSimulator
		{2D955BB5-7D03-4940-A276-BA522406C123}.AppStore|iPhoneSimulator.Build.0 = AppStore|iPhoneSimulator
		{2D955BB5-7D03-4940-A276-BA522406C123}.AppStore|x64.ActiveCfg = AppStore|iPhoneSimulator
		{2D955BB5-7D03-4940-A276-BA522406C123}.AppStore|x64.Build.0 = AppStore|iPhoneSimulator
		{2D955BB5-7D03-4940-A276-BA522406C123}.AppStore|x86.ActiveCfg = AppStore|iPhoneSimulator
		{2D955BB5-7D03-4940-A276-BA522406C123}.AppStore|x86.Build.0 = AppStore|iPhoneSimulator
		{2D955BB5-7D03-4940-A276-BA522406C123}.Debug|Any CPU.ActiveCfg = Debug|iPhoneSimulator
		{2D955BB5-7D03-4940-A276-BA522406C123}.Debug|Any CPU.Build.0 = Debug|iPhoneSimulator
		{2D955BB5-7D03-4940-A276-BA522406C123}.Debug|ARM.ActiveCfg = Debug|iPhoneSimulator
		{2D955BB5-7D03-4940-A276-BA522406C123}.Debug|ARM.Build.0 = Debug|iPhoneSimulator
		{2D955BB5-7D03-4940-A276-BA522406C123}.Debug|ARM64.ActiveCfg = Debug|iPhoneSimulator
		{2D955BB5-7D03-4940-A276-BA522406C123}.Debug|ARM64.Build.0 = Debug|iPhoneSimulator
		{2D955BB5-7D03-4940-A276-BA522406C123}.Debug|iPhone.ActiveCfg = Debug|iPhone
		{2D955BB5-7D03-4940-A276-BA522406C123}.Debug|iPhone.Build.0 = Debug|iPhone
		{2D955BB5-7D03-4940-A276-BA522406C123}.Debug|iPhoneSimulator.ActiveCfg = Debug|iPhoneSimulator
		{2D955BB5-7D03-4940-A276-BA522406C123}.Debug|iPhoneSimulator.Build.0 = Debug|iPhoneSimulator
		{2D955BB5-7D03-4940-A276-BA522406C123}.Debug|x64.ActiveCfg = Debug|iPhoneSimulator
		{2D955BB5-7D03-4940-A276-BA522406C123}.Debug|x64.Build.0 = Debug|iPhoneSimulator
		{2D955BB5-7D03-4940-A276-BA522406C123}.Debug|x86.ActiveCfg = Debug|iPhoneSimulator
		{2D955BB5-7D03-4940-A276-BA522406C123}.Debug|x86.Build.0 = Debug|iPhoneSimulator
		{2D955BB5-7D03-4940-A276-BA522406C123}.Release|Any CPU.ActiveCfg = Release|iPhoneSimulator
		{2D955BB5-7D03-4940-A276-BA522406C123}.Release|Any CPU.Build.0 = Release|iPhoneSimulator
		{2D955BB5-7D03-4940-A276-BA522406C123}.Release|ARM.ActiveCfg = Release|iPhoneSimulator
		{2D955BB5-7D03-4940-A276-BA522406C123}.Release|ARM.Build.0 = Release|iPhoneSimulator
		{2D955BB5-7D03-4940-A276-BA522406C123}.Release|ARM64.ActiveCfg = Release|iPhoneSimulator
		{2D955BB5-7D03-4940-A276-BA522406C123}.Release|ARM64.Build.0 = Release|iPhoneSimulator
		{2D955BB5-7D03-4940-A276-BA522406C123}.Release|iPhone.ActiveCfg = Release|iPhone
		{2D955BB5-7D03-4940-A276-BA522406C123}.Release|iPhone.Build.0 = Release|iPhone
		{2D955BB5-7D03-4940-A276-BA522406C123}.Release|iPhoneSimulator.ActiveCfg = Release|iPhoneSimulator
		{2D955BB5-7D03-4940-A276-BA522406C123}.Release|iPhoneSimulator.Build.0 = Release|iPhoneSimulator
		{2D955BB5-7D03-4940-A276-BA522406C123}.Release|x64.ActiveCfg = Release|iPhoneSimulator
		{2D955BB5-7D03-4940-A276-BA522406C123}.Release|x64.Build.0 = Release|iPhoneSimulator
		{2D955BB5-7D03-4940-A276-BA522406C123}.Release|x86.ActiveCfg = Release|iPhoneSimulator
		{2D955BB5-7D03-4940-A276-BA522406C123}.Release|x86.Build.0 = Release|iPhoneSimulator
		{BA0F0E94-98BF-4D05-A7EB-9C20C7A4BFCB}.Ad-Hoc|Any CPU.ActiveCfg = Debug|x86
		{BA0F0E94-98BF-4D05-A7EB-9C20C7A4BFCB}.Ad-Hoc|Any CPU.Build.0 = Debug|x86
		{BA0F0E94-98BF-4D05-A7EB-9C20C7A4BFCB}.Ad-Hoc|Any CPU.Deploy.0 = Debug|x86
		{BA0F0E94-98BF-4D05-A7EB-9C20C7A4BFCB}.Ad-Hoc|ARM.ActiveCfg = Debug|ARM
		{BA0F0E94-98BF-4D05-A7EB-9C20C7A4BFCB}.Ad-Hoc|ARM.Build.0 = Debug|ARM
		{BA0F0E94-98BF-4D05-A7EB-9C20C7A4BFCB}.Ad-Hoc|ARM.Deploy.0 = Debug|ARM
		{BA0F0E94-98BF-4D05-A7EB-9C20C7A4BFCB}.Ad-Hoc|ARM64.ActiveCfg = Debug|ARM64
		{BA0F0E94-98BF-4D05-A7EB-9C20C7A4BFCB}.Ad-Hoc|ARM64.Build.0 = Debug|ARM64
		{BA0F0E94-98BF-4D05-A7EB-9C20C7A4BFCB}.Ad-Hoc|ARM64.Deploy.0 = Debug|ARM64
		{BA0F0E94-98BF-4D05-A7EB-9C20C7A4BFCB}.Ad-Hoc|iPhone.ActiveCfg = Debug|x86
		{BA0F0E94-98BF-4D05-A7EB-9C20C7A4BFCB}.Ad-Hoc|iPhone.Build.0 = Debug|x86
		{BA0F0E94-98BF-4D05-A7EB-9C20C7A4BFCB}.Ad-Hoc|iPhone.Deploy.0 = Debug|x86
		{BA0F0E94-98BF-4D05-A7EB-9C20C7A4BFCB}.Ad-Hoc|iPhoneSimulator.ActiveCfg = Debug|x86
		{BA0F0E94-98BF-4D05-A7EB-9C20C7A4BFCB}.Ad-Hoc|iPhoneSimulator.Build.0 = Debug|x86
		{BA0F0E94-98BF-4D05-A7EB-9C20C7A4BFCB}.Ad-Hoc|iPhoneSimulator.Deploy.0 = Debug|x86
		{BA0F0E94-98BF-4D05-A7EB-9C20C7A4BFCB}.Ad-Hoc|x64.ActiveCfg = Debug|x64
		{BA0F0E94-98BF-4D05-A7EB-9C20C7A4BFCB}.Ad-Hoc|x64.Build.0 = Debug|x64
		{BA0F0E94-98BF-4D05-A7EB-9C20C7A4BFCB}.Ad-Hoc|x64.Deploy.0 = Debug|x64
		{BA0F0E94-98BF-4D05-A7EB-9C20C7A4BFCB}.Ad-Hoc|x86.ActiveCfg = Debug|x86
		{BA0F0E94-98BF-4D05-A7EB-9C20C7A4BFCB}.Ad-Hoc|x86.Build.0 = Debug|x86
		{BA0F0E94-98BF-4D05-A7EB-9C20C7A4BFCB}.Ad-Hoc|x86.Deploy.0 = Debug|x86
		{BA0F0E94-98BF-4D05-A7EB-9C20C7A4BFCB}.AppStore|Any CPU.ActiveCfg = Debug|x86
		{BA0F0E94-98BF-4D05-A7EB-9C20C7A4BFCB}.AppStore|Any CPU.Build.0 = Debug|x86
		{BA0F0E94-98BF-4D05-A7EB-9C20C7A4BFCB}.AppStore|Any CPU.Deploy.0 = Debug|x86
		{BA0F0E94-98BF-4D05-A7EB-9C20C7A4BFCB}.AppStore|ARM.ActiveCfg = Debug|ARM
		{BA0F0E94-98BF-4D05-A7EB-9C20C7A4BFCB}.AppStore|ARM.Build.0 = Debug|ARM
		{BA0F0E94-98BF-4D05-A7EB-9C20C7A4BFCB}.AppStore|ARM.Deploy.0 = Debug|ARM
		{BA0F0E94-98BF-4D05-A7EB-9C20C7A4BFCB}.AppStore|ARM64.ActiveCfg = Debug|ARM64
		{BA0F0E94-98BF-4D05-A7EB-9C20C7A4BFCB}.AppStore|ARM64.Build.0 = Debug|ARM64
		{BA0F0E94-98BF-4D05-A7EB-9C20C7A4BFCB}.AppStore|ARM64.Deploy.0 = Debug|ARM64
		{BA0F0E94-98BF-4D05-A7EB-9C20C7A4BFCB}.AppStore|iPhone.ActiveCfg = Debug|x86
		{BA0F0E94-98BF-4D05-A7EB-9C20C7A4BFCB}.AppStore|iPhone.Build.0 = Debug|x86
		{BA0F0E94-98BF-4D05-A7EB-9C20C7A4BFCB}.AppStore|iPhone.Deploy.0 = Debug|x86
		{BA0F0E94-98BF-4D05-A7EB-9C20C7A4BFCB}.AppStore|iPhoneSimulator.ActiveCfg = Debug|x86
		{BA0F0E94-98BF-4D05-A7EB-9C20C7A4BFCB}.AppStore|iPhoneSimulator.Build.0 = Debug|x86
		{BA0F0E94-98BF-4D05-A7EB-9C20C7A4BFCB}.AppStore|iPhoneSimulator.Deploy.0 = Debug|x86
		{BA0F0E94-98BF-4D05-A7EB-9C20C7A4BFCB}.AppStore|x64.ActiveCfg = Debug|x64
		{BA0F0E94-98BF-4D05-A7EB-9C20C7A4BFCB}.AppStore|x64.Build.0 = Debug|x64
		{BA0F0E94-98BF-4D05-A7EB-9C20C7A4BFCB}.AppStore|x64.Deploy.0 = Debug|x64
		{BA0F0E94-98BF-4D05-A7EB-9C20C7A4BFCB}.AppStore|x86.ActiveCfg = Debug|x86
		{BA0F0E94-98BF-4D05-A7EB-9C20C7A4BFCB}.AppStore|x86.Build.0 = Debug|x86
		{BA0F0E94-98BF-4D05-A7EB-9C20C7A4BFCB}.AppStore|x86.Deploy.0 = Debug|x86
		{BA0F0E94-98BF-4D05-A7EB-9C20C7A4BFCB}.Debug|Any CPU.ActiveCfg = Debug|x64
		{BA0F0E94-98BF-4D05-A7EB-9C20C7A4BFCB}.Debug|Any CPU.Build.0 = Debug|x64
		{BA0F0E94-98BF-4D05-A7EB-9C20C7A4BFCB}.Debug|Any CPU.Deploy.0 = Debug|x64
		{BA0F0E94-98BF-4D05-A7EB-9C20C7A4BFCB}.Debug|ARM.ActiveCfg = Debug|ARM
		{BA0F0E94-98BF-4D05-A7EB-9C20C7A4BFCB}.Debug|ARM.Build.0 = Debug|ARM
		{BA0F0E94-98BF-4D05-A7EB-9C20C7A4BFCB}.Debug|ARM.Deploy.0 = Debug|ARM
		{BA0F0E94-98BF-4D05-A7EB-9C20C7A4BFCB}.Debug|ARM64.ActiveCfg = Debug|ARM64
		{BA0F0E94-98BF-4D05-A7EB-9C20C7A4BFCB}.Debug|ARM64.Build.0 = Debug|ARM64
		{BA0F0E94-98BF-4D05-A7EB-9C20C7A4BFCB}.Debug|ARM64.Deploy.0 = Debug|ARM64
		{BA0F0E94-98BF-4D05-A7EB-9C20C7A4BFCB}.Debug|iPhone.ActiveCfg = Debug|x64
		{BA0F0E94-98BF-4D05-A7EB-9C20C7A4BFCB}.Debug|iPhone.Build.0 = Debug|x64
		{BA0F0E94-98BF-4D05-A7EB-9C20C7A4BFCB}.Debug|iPhone.Deploy.0 = Debug|x64
		{BA0F0E94-98BF-4D05-A7EB-9C20C7A4BFCB}.Debug|iPhoneSimulator.ActiveCfg = Debug|x64
		{BA0F0E94-98BF-4D05-A7EB-9C20C7A4BFCB}.Debug|iPhoneSimulator.Build.0 = Debug|x64
		{BA0F0E94-98BF-4D05-A7EB-9C20C7A4BFCB}.Debug|iPhoneSimulator.Deploy.0 = Debug|x64
		{BA0F0E94-98BF-4D05-A7EB-9C20C7A4BFCB}.Debug|x64.ActiveCfg = Debug|x64
		{BA0F0E94-98BF-4D05-A7EB-9C20C7A4BFCB}.Debug|x64.Build.0 = Debug|x64
		{BA0F0E94-98BF-4D05-A7EB-9C20C7A4BFCB}.Debug|x64.Deploy.0 = Debug|x64
		{BA0F0E94-98BF-4D05-A7EB-9C20C7A4BFCB}.Debug|x86.ActiveCfg = Debug|x86
		{BA0F0E94-98BF-4D05-A7EB-9C20C7A4BFCB}.Debug|x86.Build.0 = Debug|x86
		{BA0F0E94-98BF-4D05-A7EB-9C20C7A4BFCB}.Debug|x86.Deploy.0 = Debug|x86
		{BA0F0E94-98BF-4D05-A7EB-9C20C7A4BFCB}.Release|Any CPU.ActiveCfg = Release|x64
		{BA0F0E94-98BF-4D05-A7EB-9C20C7A4BFCB}.Release|Any CPU.Build.0 = Release|x64
		{BA0F0E94-98BF-4D05-A7EB-9C20C7A4BFCB}.Release|Any CPU.Deploy.0 = Release|x64
		{BA0F0E94-98BF-4D05-A7EB-9C20C7A4BFCB}.Release|ARM.ActiveCfg = Release|ARM
		{BA0F0E94-98BF-4D05-A7EB-9C20C7A4BFCB}.Release|ARM.Build.0 = Release|ARM
		{BA0F0E94-98BF-4D05-A7EB-9C20C7A4BFCB}.Release|ARM.Deploy.0 = Release|ARM
		{BA0F0E94-98BF-4D05-A7EB-9C20C7A4BFCB}.Release|ARM64.ActiveCfg = Release|ARM64
		{BA0F0E94-98BF-4D05-A7EB-9C20C7A4BFCB}.Release|ARM64.Build.0 = Release|ARM64
		{BA0F0E94-98BF-4D05-A7EB-9C20C7A4BFCB}.Release|ARM64.Deploy.0 = Release|ARM64
		{BA0F0E94-98BF-4D05-A7EB-9C20C7A4BFCB}.Release|iPhone.ActiveCfg = Release|x64
		{BA0F0E94-98BF-4D05-A7EB-9C20C7A4BFCB}.Release|iPhone.Build.0 = Release|x64
		{BA0F0E94-98BF-4D05-A7EB-9C20C7A4BFCB}.Release|iPhone.Deploy.0 = Release|x64
		{BA0F0E94-98BF-4D05-A7EB-9C20C7A4BFCB}.Release|iPhoneSimulator.ActiveCfg = Release|x64
		{BA0F0E94-98BF-4D05-A7EB-9C20C7A4BFCB}.Release|iPhoneSimulator.Build.0 = Release|x64
		{BA0F0E94-98BF-4D05-A7EB-9C20C7A4BFCB}.Release|iPhoneSimulator.Deploy.0 = Release|x64
		{BA0F0E94-98BF-4D05-A7EB-9C20C7A4BFCB}.Release|x64.ActiveCfg = Release|x64
		{BA0F0E94-98BF-4D05-A7EB-9C20C7A4BFCB}.Release|x64.Build.0 = Release|x64
		{BA0F0E94-98BF-4D05-A7EB-9C20C7A4BFCB}.Release|x64.Deploy.0 = Release|x64
		{BA0F0E94-98BF-4D05-A7EB-9C20C7A4BFCB}.Release|x86.ActiveCfg = Release|x86
		{BA0F0E94-98BF-4D05-A7EB-9C20C7A4BFCB}.Release|x86.Build.0 = Release|x86
		{BA0F0E94-98BF-4D05-A7EB-9C20C7A4BFCB}.Release|x86.Deploy.0 = Release|x86
		{A3A68186-41A1-4C8B-ABD4-3F1BAF9B9F93}.Ad-Hoc|Any CPU.ActiveCfg = Debug|Any CPU
		{A3A68186-41A1-4C8B-ABD4-3F1BAF9B9F93}.Ad-Hoc|Any CPU.Build.0 = Debug|Any CPU
		{A3A68186-41A1-4C8B-ABD4-3F1BAF9B9F93}.Ad-Hoc|ARM.ActiveCfg = Debug|Any CPU
		{A3A68186-41A1-4C8B-ABD4-3F1BAF9B9F93}.Ad-Hoc|ARM.Build.0 = Debug|Any CPU
		{A3A68186-41A1-4C8B-ABD4-3F1BAF9B9F93}.Ad-Hoc|ARM64.ActiveCfg = Debug|Any CPU
		{A3A68186-41A1-4C8B-ABD4-3F1BAF9B9F93}.Ad-Hoc|ARM64.Build.0 = Debug|Any CPU
		{A3A68186-41A1-4C8B-ABD4-3F1BAF9B9F93}.Ad-Hoc|iPhone.ActiveCfg = Debug|Any CPU
		{A3A68186-41A1-4C8B-ABD4-3F1BAF9B9F93}.Ad-Hoc|iPhone.Build.0 = Debug|Any CPU
		{A3A68186-41A1-4C8B-ABD4-3F1BAF9B9F93}.Ad-Hoc|iPhoneSimulator.ActiveCfg = Debug|Any CPU
		{A3A68186-41A1-4C8B-ABD4-3F1BAF9B9F93}.Ad-Hoc|iPhoneSimulator.Build.0 = Debug|Any CPU
		{A3A68186-41A1-4C8B-ABD4-3F1BAF9B9F93}.Ad-Hoc|x64.ActiveCfg = Debug|Any CPU
		{A3A68186-41A1-4C8B-ABD4-3F1BAF9B9F93}.Ad-Hoc|x64.Build.0 = Debug|Any CPU
		{A3A68186-41A1-4C8B-ABD4-3F1BAF9B9F93}.Ad-Hoc|x86.ActiveCfg = Debug|Any CPU
		{A3A68186-41A1-4C8B-ABD4-3F1BAF9B9F93}.Ad-Hoc|x86.Build.0 = Debug|Any CPU
		{A3A68186-41A1-4C8B-ABD4-3F1BAF9B9F93}.AppStore|Any CPU.ActiveCfg = Debug|Any CPU
		{A3A68186-41A1-4C8B-ABD4-3F1BAF9B9F93}.AppStore|Any CPU.Build.0 = Debug|Any CPU
		{A3A68186-41A1-4C8B-ABD4-3F1BAF9B9F93}.AppStore|ARM.ActiveCfg = Debug|Any CPU
		{A3A68186-41A1-4C8B-ABD4-3F1BAF9B9F93}.AppStore|ARM.Build.0 = Debug|Any CPU
		{A3A68186-41A1-4C8B-ABD4-3F1BAF9B9F93}.AppStore|ARM64.ActiveCfg = Debug|Any CPU
		{A3A68186-41A1-4C8B-ABD4-3F1BAF9B9F93}.AppStore|ARM64.Build.0 = Debug|Any CPU
		{A3A68186-41A1-4C8B-ABD4-3F1BAF9B9F93}.AppStore|iPhone.ActiveCfg = Debug|Any CPU
		{A3A68186-41A1-4C8B-ABD4-3F1BAF9B9F93}.AppStore|iPhone.Build.0 = Debug|Any CPU
		{A3A68186-41A1-4C8B-ABD4-3F1BAF9B9F93}.AppStore|iPhoneSimulator.ActiveCfg = Debug|Any CPU
		{A3A68186-41A1-4C8B-ABD4-3F1BAF9B9F93}.AppStore|iPhoneSimulator.Build.0 = Debug|Any CPU
		{A3A68186-41A1-4C8B-ABD4-3F1BAF9B9F93}.AppStore|x64.ActiveCfg = Debug|Any CPU
		{A3A68186-41A1-4C8B-ABD4-3F1BAF9B9F93}.AppStore|x64.Build.0 = Debug|Any CPU
		{A3A68186-41A1-4C8B-ABD4-3F1BAF9B9F93}.AppStore|x86.ActiveCfg = Debug|Any CPU
		{A3A68186-41A1-4C8B-ABD4-3F1BAF9B9F93}.AppStore|x86.Build.0 = Debug|Any CPU
		{A3A68186-41A1-4C8B-ABD4-3F1BAF9B9F93}.Debug|Any CPU.ActiveCfg = Debug|Any CPU
		{A3A68186-41A1-4C8B-ABD4-3F1BAF9B9F93}.Debug|Any CPU.Build.0 = Debug|Any CPU
		{A3A68186-41A1-4C8B-ABD4-3F1BAF9B9F93}.Debug|ARM.ActiveCfg = Debug|Any CPU
		{A3A68186-41A1-4C8B-ABD4-3F1BAF9B9F93}.Debug|ARM.Build.0 = Debug|Any CPU
		{A3A68186-41A1-4C8B-ABD4-3F1BAF9B9F93}.Debug|ARM64.ActiveCfg = Debug|Any CPU
		{A3A68186-41A1-4C8B-ABD4-3F1BAF9B9F93}.Debug|ARM64.Build.0 = Debug|Any CPU
		{A3A68186-41A1-4C8B-ABD4-3F1BAF9B9F93}.Debug|iPhone.ActiveCfg = Debug|Any CPU
		{A3A68186-41A1-4C8B-ABD4-3F1BAF9B9F93}.Debug|iPhone.Build.0 = Debug|Any CPU
		{A3A68186-41A1-4C8B-ABD4-3F1BAF9B9F93}.Debug|iPhoneSimulator.ActiveCfg = Debug|Any CPU
		{A3A68186-41A1-4C8B-ABD4-3F1BAF9B9F93}.Debug|iPhoneSimulator.Build.0 = Debug|Any CPU
		{A3A68186-41A1-4C8B-ABD4-3F1BAF9B9F93}.Debug|x64.ActiveCfg = Debug|Any CPU
		{A3A68186-41A1-4C8B-ABD4-3F1BAF9B9F93}.Debug|x64.Build.0 = Debug|Any CPU
		{A3A68186-41A1-4C8B-ABD4-3F1BAF9B9F93}.Debug|x86.ActiveCfg = Debug|Any CPU
		{A3A68186-41A1-4C8B-ABD4-3F1BAF9B9F93}.Debug|x86.Build.0 = Debug|Any CPU
		{A3A68186-41A1-4C8B-ABD4-3F1BAF9B9F93}.Release|Any CPU.ActiveCfg = Release|Any CPU
		{A3A68186-41A1-4C8B-ABD4-3F1BAF9B9F93}.Release|Any CPU.Build.0 = Release|Any CPU
		{A3A68186-41A1-4C8B-ABD4-3F1BAF9B9F93}.Release|ARM.ActiveCfg = Release|Any CPU
		{A3A68186-41A1-4C8B-ABD4-3F1BAF9B9F93}.Release|ARM.Build.0 = Release|Any CPU
		{A3A68186-41A1-4C8B-ABD4-3F1BAF9B9F93}.Release|ARM64.ActiveCfg = Release|Any CPU
		{A3A68186-41A1-4C8B-ABD4-3F1BAF9B9F93}.Release|ARM64.Build.0 = Release|Any CPU
		{A3A68186-41A1-4C8B-ABD4-3F1BAF9B9F93}.Release|iPhone.ActiveCfg = Release|Any CPU
		{A3A68186-41A1-4C8B-ABD4-3F1BAF9B9F93}.Release|iPhone.Build.0 = Release|Any CPU
		{A3A68186-41A1-4C8B-ABD4-3F1BAF9B9F93}.Release|iPhoneSimulator.ActiveCfg = Release|Any CPU
		{A3A68186-41A1-4C8B-ABD4-3F1BAF9B9F93}.Release|iPhoneSimulator.Build.0 = Release|Any CPU
		{A3A68186-41A1-4C8B-ABD4-3F1BAF9B9F93}.Release|x64.ActiveCfg = Release|Any CPU
		{A3A68186-41A1-4C8B-ABD4-3F1BAF9B9F93}.Release|x64.Build.0 = Release|Any CPU
		{A3A68186-41A1-4C8B-ABD4-3F1BAF9B9F93}.Release|x86.ActiveCfg = Release|Any CPU
		{A3A68186-41A1-4C8B-ABD4-3F1BAF9B9F93}.Release|x86.Build.0 = Release|Any CPU
		{C1D27656-4A85-4052-995D-E99D0AE648B9}.Ad-Hoc|Any CPU.ActiveCfg = Debug|iPhoneSimulator
		{C1D27656-4A85-4052-995D-E99D0AE648B9}.Ad-Hoc|Any CPU.Build.0 = Debug|iPhoneSimulator
		{C1D27656-4A85-4052-995D-E99D0AE648B9}.Ad-Hoc|ARM.ActiveCfg = Debug|iPhoneSimulator
		{C1D27656-4A85-4052-995D-E99D0AE648B9}.Ad-Hoc|ARM.Build.0 = Debug|iPhoneSimulator
		{C1D27656-4A85-4052-995D-E99D0AE648B9}.Ad-Hoc|ARM64.ActiveCfg = Debug|iPhoneSimulator
		{C1D27656-4A85-4052-995D-E99D0AE648B9}.Ad-Hoc|ARM64.Build.0 = Debug|iPhoneSimulator
		{C1D27656-4A85-4052-995D-E99D0AE648B9}.Ad-Hoc|iPhone.ActiveCfg = Debug|iPhoneSimulator
		{C1D27656-4A85-4052-995D-E99D0AE648B9}.Ad-Hoc|iPhone.Build.0 = Debug|iPhoneSimulator
		{C1D27656-4A85-4052-995D-E99D0AE648B9}.Ad-Hoc|iPhoneSimulator.ActiveCfg = Debug|iPhoneSimulator
		{C1D27656-4A85-4052-995D-E99D0AE648B9}.Ad-Hoc|iPhoneSimulator.Build.0 = Debug|iPhoneSimulator
		{C1D27656-4A85-4052-995D-E99D0AE648B9}.Ad-Hoc|x64.ActiveCfg = Debug|iPhoneSimulator
		{C1D27656-4A85-4052-995D-E99D0AE648B9}.Ad-Hoc|x64.Build.0 = Debug|iPhoneSimulator
		{C1D27656-4A85-4052-995D-E99D0AE648B9}.Ad-Hoc|x86.ActiveCfg = Debug|iPhoneSimulator
		{C1D27656-4A85-4052-995D-E99D0AE648B9}.Ad-Hoc|x86.Build.0 = Debug|iPhoneSimulator
		{C1D27656-4A85-4052-995D-E99D0AE648B9}.AppStore|Any CPU.ActiveCfg = Debug|iPhoneSimulator
		{C1D27656-4A85-4052-995D-E99D0AE648B9}.AppStore|Any CPU.Build.0 = Debug|iPhoneSimulator
		{C1D27656-4A85-4052-995D-E99D0AE648B9}.AppStore|ARM.ActiveCfg = Debug|iPhoneSimulator
		{C1D27656-4A85-4052-995D-E99D0AE648B9}.AppStore|ARM.Build.0 = Debug|iPhoneSimulator
		{C1D27656-4A85-4052-995D-E99D0AE648B9}.AppStore|ARM64.ActiveCfg = Debug|iPhoneSimulator
		{C1D27656-4A85-4052-995D-E99D0AE648B9}.AppStore|ARM64.Build.0 = Debug|iPhoneSimulator
		{C1D27656-4A85-4052-995D-E99D0AE648B9}.AppStore|iPhone.ActiveCfg = Debug|iPhoneSimulator
		{C1D27656-4A85-4052-995D-E99D0AE648B9}.AppStore|iPhone.Build.0 = Debug|iPhoneSimulator
		{C1D27656-4A85-4052-995D-E99D0AE648B9}.AppStore|iPhoneSimulator.ActiveCfg = Debug|iPhoneSimulator
		{C1D27656-4A85-4052-995D-E99D0AE648B9}.AppStore|iPhoneSimulator.Build.0 = Debug|iPhoneSimulator
		{C1D27656-4A85-4052-995D-E99D0AE648B9}.AppStore|x64.ActiveCfg = Debug|iPhoneSimulator
		{C1D27656-4A85-4052-995D-E99D0AE648B9}.AppStore|x64.Build.0 = Debug|iPhoneSimulator
		{C1D27656-4A85-4052-995D-E99D0AE648B9}.AppStore|x86.ActiveCfg = Debug|iPhoneSimulator
		{C1D27656-4A85-4052-995D-E99D0AE648B9}.AppStore|x86.Build.0 = Debug|iPhoneSimulator
		{C1D27656-4A85-4052-995D-E99D0AE648B9}.Debug|Any CPU.ActiveCfg = Debug|iPhoneSimulator
		{C1D27656-4A85-4052-995D-E99D0AE648B9}.Debug|Any CPU.Build.0 = Debug|iPhoneSimulator
		{C1D27656-4A85-4052-995D-E99D0AE648B9}.Debug|ARM.ActiveCfg = Debug|iPhoneSimulator
		{C1D27656-4A85-4052-995D-E99D0AE648B9}.Debug|ARM.Build.0 = Debug|iPhoneSimulator
		{C1D27656-4A85-4052-995D-E99D0AE648B9}.Debug|ARM64.ActiveCfg = Debug|iPhoneSimulator
		{C1D27656-4A85-4052-995D-E99D0AE648B9}.Debug|ARM64.Build.0 = Debug|iPhoneSimulator
		{C1D27656-4A85-4052-995D-E99D0AE648B9}.Debug|iPhone.ActiveCfg = Debug|iPhoneSimulator
		{C1D27656-4A85-4052-995D-E99D0AE648B9}.Debug|iPhone.Build.0 = Debug|iPhoneSimulator
		{C1D27656-4A85-4052-995D-E99D0AE648B9}.Debug|iPhoneSimulator.ActiveCfg = Debug|iPhoneSimulator
		{C1D27656-4A85-4052-995D-E99D0AE648B9}.Debug|iPhoneSimulator.Build.0 = Debug|iPhoneSimulator
		{C1D27656-4A85-4052-995D-E99D0AE648B9}.Debug|x64.ActiveCfg = Debug|iPhoneSimulator
		{C1D27656-4A85-4052-995D-E99D0AE648B9}.Debug|x64.Build.0 = Debug|iPhoneSimulator
		{C1D27656-4A85-4052-995D-E99D0AE648B9}.Debug|x86.ActiveCfg = Debug|iPhoneSimulator
		{C1D27656-4A85-4052-995D-E99D0AE648B9}.Debug|x86.Build.0 = Debug|iPhoneSimulator
		{C1D27656-4A85-4052-995D-E99D0AE648B9}.Release|Any CPU.ActiveCfg = Release|iPhoneSimulator
		{C1D27656-4A85-4052-995D-E99D0AE648B9}.Release|Any CPU.Build.0 = Release|iPhoneSimulator
		{C1D27656-4A85-4052-995D-E99D0AE648B9}.Release|ARM.ActiveCfg = Release|iPhoneSimulator
		{C1D27656-4A85-4052-995D-E99D0AE648B9}.Release|ARM.Build.0 = Release|iPhoneSimulator
		{C1D27656-4A85-4052-995D-E99D0AE648B9}.Release|ARM64.ActiveCfg = Release|iPhoneSimulator
		{C1D27656-4A85-4052-995D-E99D0AE648B9}.Release|ARM64.Build.0 = Release|iPhoneSimulator
		{C1D27656-4A85-4052-995D-E99D0AE648B9}.Release|iPhone.ActiveCfg = Release|iPhoneSimulator
		{C1D27656-4A85-4052-995D-E99D0AE648B9}.Release|iPhone.Build.0 = Release|iPhoneSimulator
		{C1D27656-4A85-4052-995D-E99D0AE648B9}.Release|iPhoneSimulator.ActiveCfg = Release|iPhoneSimulator
		{C1D27656-4A85-4052-995D-E99D0AE648B9}.Release|iPhoneSimulator.Build.0 = Release|iPhoneSimulator
		{C1D27656-4A85-4052-995D-E99D0AE648B9}.Release|x64.ActiveCfg = Release|iPhoneSimulator
		{C1D27656-4A85-4052-995D-E99D0AE648B9}.Release|x64.Build.0 = Release|iPhoneSimulator
		{C1D27656-4A85-4052-995D-E99D0AE648B9}.Release|x86.ActiveCfg = Release|iPhoneSimulator
		{C1D27656-4A85-4052-995D-E99D0AE648B9}.Release|x86.Build.0 = Release|iPhoneSimulator
		{6F3C2340-59D3-41EB-A34E-CF9936F9E93A}.Ad-Hoc|Any CPU.ActiveCfg = Debug|Any CPU
		{6F3C2340-59D3-41EB-A34E-CF9936F9E93A}.Ad-Hoc|Any CPU.Build.0 = Debug|Any CPU
		{6F3C2340-59D3-41EB-A34E-CF9936F9E93A}.Ad-Hoc|ARM.ActiveCfg = Debug|Any CPU
		{6F3C2340-59D3-41EB-A34E-CF9936F9E93A}.Ad-Hoc|ARM.Build.0 = Debug|Any CPU
		{6F3C2340-59D3-41EB-A34E-CF9936F9E93A}.Ad-Hoc|ARM64.ActiveCfg = Debug|Any CPU
		{6F3C2340-59D3-41EB-A34E-CF9936F9E93A}.Ad-Hoc|ARM64.Build.0 = Debug|Any CPU
		{6F3C2340-59D3-41EB-A34E-CF9936F9E93A}.Ad-Hoc|iPhone.ActiveCfg = Debug|Any CPU
		{6F3C2340-59D3-41EB-A34E-CF9936F9E93A}.Ad-Hoc|iPhone.Build.0 = Debug|Any CPU
		{6F3C2340-59D3-41EB-A34E-CF9936F9E93A}.Ad-Hoc|iPhoneSimulator.ActiveCfg = Debug|Any CPU
		{6F3C2340-59D3-41EB-A34E-CF9936F9E93A}.Ad-Hoc|iPhoneSimulator.Build.0 = Debug|Any CPU
		{6F3C2340-59D3-41EB-A34E-CF9936F9E93A}.Ad-Hoc|x64.ActiveCfg = Debug|Any CPU
		{6F3C2340-59D3-41EB-A34E-CF9936F9E93A}.Ad-Hoc|x64.Build.0 = Debug|Any CPU
		{6F3C2340-59D3-41EB-A34E-CF9936F9E93A}.Ad-Hoc|x86.ActiveCfg = Debug|Any CPU
		{6F3C2340-59D3-41EB-A34E-CF9936F9E93A}.Ad-Hoc|x86.Build.0 = Debug|Any CPU
		{6F3C2340-59D3-41EB-A34E-CF9936F9E93A}.AppStore|Any CPU.ActiveCfg = Debug|Any CPU
		{6F3C2340-59D3-41EB-A34E-CF9936F9E93A}.AppStore|Any CPU.Build.0 = Debug|Any CPU
		{6F3C2340-59D3-41EB-A34E-CF9936F9E93A}.AppStore|ARM.ActiveCfg = Debug|Any CPU
		{6F3C2340-59D3-41EB-A34E-CF9936F9E93A}.AppStore|ARM.Build.0 = Debug|Any CPU
		{6F3C2340-59D3-41EB-A34E-CF9936F9E93A}.AppStore|ARM64.ActiveCfg = Debug|Any CPU
		{6F3C2340-59D3-41EB-A34E-CF9936F9E93A}.AppStore|ARM64.Build.0 = Debug|Any CPU
		{6F3C2340-59D3-41EB-A34E-CF9936F9E93A}.AppStore|iPhone.ActiveCfg = Debug|Any CPU
		{6F3C2340-59D3-41EB-A34E-CF9936F9E93A}.AppStore|iPhone.Build.0 = Debug|Any CPU
		{6F3C2340-59D3-41EB-A34E-CF9936F9E93A}.AppStore|iPhoneSimulator.ActiveCfg = Debug|Any CPU
		{6F3C2340-59D3-41EB-A34E-CF9936F9E93A}.AppStore|iPhoneSimulator.Build.0 = Debug|Any CPU
		{6F3C2340-59D3-41EB-A34E-CF9936F9E93A}.AppStore|x64.ActiveCfg = Debug|Any CPU
		{6F3C2340-59D3-41EB-A34E-CF9936F9E93A}.AppStore|x64.Build.0 = Debug|Any CPU
		{6F3C2340-59D3-41EB-A34E-CF9936F9E93A}.AppStore|x86.ActiveCfg = Debug|Any CPU
		{6F3C2340-59D3-41EB-A34E-CF9936F9E93A}.AppStore|x86.Build.0 = Debug|Any CPU
		{6F3C2340-59D3-41EB-A34E-CF9936F9E93A}.Debug|Any CPU.ActiveCfg = Debug|Any CPU
		{6F3C2340-59D3-41EB-A34E-CF9936F9E93A}.Debug|Any CPU.Build.0 = Debug|Any CPU
		{6F3C2340-59D3-41EB-A34E-CF9936F9E93A}.Debug|ARM.ActiveCfg = Debug|Any CPU
		{6F3C2340-59D3-41EB-A34E-CF9936F9E93A}.Debug|ARM.Build.0 = Debug|Any CPU
		{6F3C2340-59D3-41EB-A34E-CF9936F9E93A}.Debug|ARM64.ActiveCfg = Debug|Any CPU
		{6F3C2340-59D3-41EB-A34E-CF9936F9E93A}.Debug|ARM64.Build.0 = Debug|Any CPU
		{6F3C2340-59D3-41EB-A34E-CF9936F9E93A}.Debug|iPhone.ActiveCfg = Debug|Any CPU
		{6F3C2340-59D3-41EB-A34E-CF9936F9E93A}.Debug|iPhone.Build.0 = Debug|Any CPU
		{6F3C2340-59D3-41EB-A34E-CF9936F9E93A}.Debug|iPhoneSimulator.ActiveCfg = Debug|Any CPU
		{6F3C2340-59D3-41EB-A34E-CF9936F9E93A}.Debug|iPhoneSimulator.Build.0 = Debug|Any CPU
		{6F3C2340-59D3-41EB-A34E-CF9936F9E93A}.Debug|x64.ActiveCfg = Debug|Any CPU
		{6F3C2340-59D3-41EB-A34E-CF9936F9E93A}.Debug|x64.Build.0 = Debug|Any CPU
		{6F3C2340-59D3-41EB-A34E-CF9936F9E93A}.Debug|x86.ActiveCfg = Debug|Any CPU
		{6F3C2340-59D3-41EB-A34E-CF9936F9E93A}.Debug|x86.Build.0 = Debug|Any CPU
		{6F3C2340-59D3-41EB-A34E-CF9936F9E93A}.Release|Any CPU.ActiveCfg = Release|Any CPU
		{6F3C2340-59D3-41EB-A34E-CF9936F9E93A}.Release|Any CPU.Build.0 = Release|Any CPU
		{6F3C2340-59D3-41EB-A34E-CF9936F9E93A}.Release|ARM.ActiveCfg = Release|Any CPU
		{6F3C2340-59D3-41EB-A34E-CF9936F9E93A}.Release|ARM.Build.0 = Release|Any CPU
		{6F3C2340-59D3-41EB-A34E-CF9936F9E93A}.Release|ARM64.ActiveCfg = Release|Any CPU
		{6F3C2340-59D3-41EB-A34E-CF9936F9E93A}.Release|ARM64.Build.0 = Release|Any CPU
		{6F3C2340-59D3-41EB-A34E-CF9936F9E93A}.Release|iPhone.ActiveCfg = Release|Any CPU
		{6F3C2340-59D3-41EB-A34E-CF9936F9E93A}.Release|iPhone.Build.0 = Release|Any CPU
		{6F3C2340-59D3-41EB-A34E-CF9936F9E93A}.Release|iPhoneSimulator.ActiveCfg = Release|Any CPU
		{6F3C2340-59D3-41EB-A34E-CF9936F9E93A}.Release|iPhoneSimulator.Build.0 = Release|Any CPU
		{6F3C2340-59D3-41EB-A34E-CF9936F9E93A}.Release|x64.ActiveCfg = Release|Any CPU
		{6F3C2340-59D3-41EB-A34E-CF9936F9E93A}.Release|x64.Build.0 = Release|Any CPU
		{6F3C2340-59D3-41EB-A34E-CF9936F9E93A}.Release|x86.ActiveCfg = Release|Any CPU
		{6F3C2340-59D3-41EB-A34E-CF9936F9E93A}.Release|x86.Build.0 = Release|Any CPU
		{7498FE54-379D-4B60-B22E-98D0AA1743F5}.Ad-Hoc|Any CPU.ActiveCfg = Debug|Any CPU
		{7498FE54-379D-4B60-B22E-98D0AA1743F5}.Ad-Hoc|Any CPU.Build.0 = Debug|Any CPU
		{7498FE54-379D-4B60-B22E-98D0AA1743F5}.Ad-Hoc|ARM.ActiveCfg = Debug|Any CPU
		{7498FE54-379D-4B60-B22E-98D0AA1743F5}.Ad-Hoc|ARM.Build.0 = Debug|Any CPU
		{7498FE54-379D-4B60-B22E-98D0AA1743F5}.Ad-Hoc|ARM64.ActiveCfg = Debug|Any CPU
		{7498FE54-379D-4B60-B22E-98D0AA1743F5}.Ad-Hoc|ARM64.Build.0 = Debug|Any CPU
		{7498FE54-379D-4B60-B22E-98D0AA1743F5}.Ad-Hoc|iPhone.ActiveCfg = Debug|Any CPU
		{7498FE54-379D-4B60-B22E-98D0AA1743F5}.Ad-Hoc|iPhone.Build.0 = Debug|Any CPU
		{7498FE54-379D-4B60-B22E-98D0AA1743F5}.Ad-Hoc|iPhoneSimulator.ActiveCfg = Debug|Any CPU
		{7498FE54-379D-4B60-B22E-98D0AA1743F5}.Ad-Hoc|iPhoneSimulator.Build.0 = Debug|Any CPU
		{7498FE54-379D-4B60-B22E-98D0AA1743F5}.Ad-Hoc|x64.ActiveCfg = Debug|Any CPU
		{7498FE54-379D-4B60-B22E-98D0AA1743F5}.Ad-Hoc|x64.Build.0 = Debug|Any CPU
		{7498FE54-379D-4B60-B22E-98D0AA1743F5}.Ad-Hoc|x86.ActiveCfg = Debug|Any CPU
		{7498FE54-379D-4B60-B22E-98D0AA1743F5}.Ad-Hoc|x86.Build.0 = Debug|Any CPU
		{7498FE54-379D-4B60-B22E-98D0AA1743F5}.AppStore|Any CPU.ActiveCfg = Debug|Any CPU
		{7498FE54-379D-4B60-B22E-98D0AA1743F5}.AppStore|Any CPU.Build.0 = Debug|Any CPU
		{7498FE54-379D-4B60-B22E-98D0AA1743F5}.AppStore|ARM.ActiveCfg = Debug|Any CPU
		{7498FE54-379D-4B60-B22E-98D0AA1743F5}.AppStore|ARM.Build.0 = Debug|Any CPU
		{7498FE54-379D-4B60-B22E-98D0AA1743F5}.AppStore|ARM64.ActiveCfg = Debug|Any CPU
		{7498FE54-379D-4B60-B22E-98D0AA1743F5}.AppStore|ARM64.Build.0 = Debug|Any CPU
		{7498FE54-379D-4B60-B22E-98D0AA1743F5}.AppStore|iPhone.ActiveCfg = Debug|Any CPU
		{7498FE54-379D-4B60-B22E-98D0AA1743F5}.AppStore|iPhone.Build.0 = Debug|Any CPU
		{7498FE54-379D-4B60-B22E-98D0AA1743F5}.AppStore|iPhoneSimulator.ActiveCfg = Debug|Any CPU
		{7498FE54-379D-4B60-B22E-98D0AA1743F5}.AppStore|iPhoneSimulator.Build.0 = Debug|Any CPU
		{7498FE54-379D-4B60-B22E-98D0AA1743F5}.AppStore|x64.ActiveCfg = Debug|Any CPU
		{7498FE54-379D-4B60-B22E-98D0AA1743F5}.AppStore|x64.Build.0 = Debug|Any CPU
		{7498FE54-379D-4B60-B22E-98D0AA1743F5}.AppStore|x86.ActiveCfg = Debug|Any CPU
		{7498FE54-379D-4B60-B22E-98D0AA1743F5}.AppStore|x86.Build.0 = Debug|Any CPU
		{7498FE54-379D-4B60-B22E-98D0AA1743F5}.Debug|Any CPU.ActiveCfg = Debug|Any CPU
		{7498FE54-379D-4B60-B22E-98D0AA1743F5}.Debug|Any CPU.Build.0 = Debug|Any CPU
		{7498FE54-379D-4B60-B22E-98D0AA1743F5}.Debug|ARM.ActiveCfg = Debug|Any CPU
		{7498FE54-379D-4B60-B22E-98D0AA1743F5}.Debug|ARM.Build.0 = Debug|Any CPU
		{7498FE54-379D-4B60-B22E-98D0AA1743F5}.Debug|ARM64.ActiveCfg = Debug|Any CPU
		{7498FE54-379D-4B60-B22E-98D0AA1743F5}.Debug|ARM64.Build.0 = Debug|Any CPU
		{7498FE54-379D-4B60-B22E-98D0AA1743F5}.Debug|iPhone.ActiveCfg = Debug|Any CPU
		{7498FE54-379D-4B60-B22E-98D0AA1743F5}.Debug|iPhone.Build.0 = Debug|Any CPU
		{7498FE54-379D-4B60-B22E-98D0AA1743F5}.Debug|iPhoneSimulator.ActiveCfg = Debug|Any CPU
		{7498FE54-379D-4B60-B22E-98D0AA1743F5}.Debug|iPhoneSimulator.Build.0 = Debug|Any CPU
		{7498FE54-379D-4B60-B22E-98D0AA1743F5}.Debug|x64.ActiveCfg = Debug|Any CPU
		{7498FE54-379D-4B60-B22E-98D0AA1743F5}.Debug|x64.Build.0 = Debug|Any CPU
		{7498FE54-379D-4B60-B22E-98D0AA1743F5}.Debug|x86.ActiveCfg = Debug|Any CPU
		{7498FE54-379D-4B60-B22E-98D0AA1743F5}.Debug|x86.Build.0 = Debug|Any CPU
		{7498FE54-379D-4B60-B22E-98D0AA1743F5}.Release|Any CPU.ActiveCfg = Release|Any CPU
		{7498FE54-379D-4B60-B22E-98D0AA1743F5}.Release|Any CPU.Build.0 = Release|Any CPU
		{7498FE54-379D-4B60-B22E-98D0AA1743F5}.Release|ARM.ActiveCfg = Release|Any CPU
		{7498FE54-379D-4B60-B22E-98D0AA1743F5}.Release|ARM.Build.0 = Release|Any CPU
		{7498FE54-379D-4B60-B22E-98D0AA1743F5}.Release|ARM64.ActiveCfg = Release|Any CPU
		{7498FE54-379D-4B60-B22E-98D0AA1743F5}.Release|ARM64.Build.0 = Release|Any CPU
		{7498FE54-379D-4B60-B22E-98D0AA1743F5}.Release|iPhone.ActiveCfg = Release|Any CPU
		{7498FE54-379D-4B60-B22E-98D0AA1743F5}.Release|iPhone.Build.0 = Release|Any CPU
		{7498FE54-379D-4B60-B22E-98D0AA1743F5}.Release|iPhoneSimulator.ActiveCfg = Release|Any CPU
		{7498FE54-379D-4B60-B22E-98D0AA1743F5}.Release|iPhoneSimulator.Build.0 = Release|Any CPU
		{7498FE54-379D-4B60-B22E-98D0AA1743F5}.Release|x64.ActiveCfg = Release|Any CPU
		{7498FE54-379D-4B60-B22E-98D0AA1743F5}.Release|x64.Build.0 = Release|Any CPU
		{7498FE54-379D-4B60-B22E-98D0AA1743F5}.Release|x86.ActiveCfg = Release|Any CPU
		{7498FE54-379D-4B60-B22E-98D0AA1743F5}.Release|x86.Build.0 = Release|Any CPU
		{6885C77C-16AC-4E1D-AF87-6EC6DD0880E2}.Ad-Hoc|Any CPU.ActiveCfg = Debug|Any CPU
		{6885C77C-16AC-4E1D-AF87-6EC6DD0880E2}.Ad-Hoc|Any CPU.Build.0 = Debug|Any CPU
		{6885C77C-16AC-4E1D-AF87-6EC6DD0880E2}.Ad-Hoc|ARM.ActiveCfg = Debug|Any CPU
		{6885C77C-16AC-4E1D-AF87-6EC6DD0880E2}.Ad-Hoc|ARM.Build.0 = Debug|Any CPU
		{6885C77C-16AC-4E1D-AF87-6EC6DD0880E2}.Ad-Hoc|ARM64.ActiveCfg = Debug|Any CPU
		{6885C77C-16AC-4E1D-AF87-6EC6DD0880E2}.Ad-Hoc|ARM64.Build.0 = Debug|Any CPU
		{6885C77C-16AC-4E1D-AF87-6EC6DD0880E2}.Ad-Hoc|iPhone.ActiveCfg = Debug|Any CPU
		{6885C77C-16AC-4E1D-AF87-6EC6DD0880E2}.Ad-Hoc|iPhone.Build.0 = Debug|Any CPU
		{6885C77C-16AC-4E1D-AF87-6EC6DD0880E2}.Ad-Hoc|iPhoneSimulator.ActiveCfg = Debug|Any CPU
		{6885C77C-16AC-4E1D-AF87-6EC6DD0880E2}.Ad-Hoc|iPhoneSimulator.Build.0 = Debug|Any CPU
		{6885C77C-16AC-4E1D-AF87-6EC6DD0880E2}.Ad-Hoc|x64.ActiveCfg = Debug|Any CPU
		{6885C77C-16AC-4E1D-AF87-6EC6DD0880E2}.Ad-Hoc|x64.Build.0 = Debug|Any CPU
		{6885C77C-16AC-4E1D-AF87-6EC6DD0880E2}.Ad-Hoc|x86.ActiveCfg = Debug|Any CPU
		{6885C77C-16AC-4E1D-AF87-6EC6DD0880E2}.Ad-Hoc|x86.Build.0 = Debug|Any CPU
		{6885C77C-16AC-4E1D-AF87-6EC6DD0880E2}.AppStore|Any CPU.ActiveCfg = Debug|Any CPU
		{6885C77C-16AC-4E1D-AF87-6EC6DD0880E2}.AppStore|Any CPU.Build.0 = Debug|Any CPU
		{6885C77C-16AC-4E1D-AF87-6EC6DD0880E2}.AppStore|ARM.ActiveCfg = Debug|Any CPU
		{6885C77C-16AC-4E1D-AF87-6EC6DD0880E2}.AppStore|ARM.Build.0 = Debug|Any CPU
		{6885C77C-16AC-4E1D-AF87-6EC6DD0880E2}.AppStore|ARM64.ActiveCfg = Debug|Any CPU
		{6885C77C-16AC-4E1D-AF87-6EC6DD0880E2}.AppStore|ARM64.Build.0 = Debug|Any CPU
		{6885C77C-16AC-4E1D-AF87-6EC6DD0880E2}.AppStore|iPhone.ActiveCfg = Debug|Any CPU
		{6885C77C-16AC-4E1D-AF87-6EC6DD0880E2}.AppStore|iPhone.Build.0 = Debug|Any CPU
		{6885C77C-16AC-4E1D-AF87-6EC6DD0880E2}.AppStore|iPhoneSimulator.ActiveCfg = Debug|Any CPU
		{6885C77C-16AC-4E1D-AF87-6EC6DD0880E2}.AppStore|iPhoneSimulator.Build.0 = Debug|Any CPU
		{6885C77C-16AC-4E1D-AF87-6EC6DD0880E2}.AppStore|x64.ActiveCfg = Debug|Any CPU
		{6885C77C-16AC-4E1D-AF87-6EC6DD0880E2}.AppStore|x64.Build.0 = Debug|Any CPU
		{6885C77C-16AC-4E1D-AF87-6EC6DD0880E2}.AppStore|x86.ActiveCfg = Debug|Any CPU
		{6885C77C-16AC-4E1D-AF87-6EC6DD0880E2}.AppStore|x86.Build.0 = Debug|Any CPU
		{6885C77C-16AC-4E1D-AF87-6EC6DD0880E2}.Debug|Any CPU.ActiveCfg = Debug|Any CPU
		{6885C77C-16AC-4E1D-AF87-6EC6DD0880E2}.Debug|Any CPU.Build.0 = Debug|Any CPU
		{6885C77C-16AC-4E1D-AF87-6EC6DD0880E2}.Debug|ARM.ActiveCfg = Debug|Any CPU
		{6885C77C-16AC-4E1D-AF87-6EC6DD0880E2}.Debug|ARM.Build.0 = Debug|Any CPU
		{6885C77C-16AC-4E1D-AF87-6EC6DD0880E2}.Debug|ARM64.ActiveCfg = Debug|Any CPU
		{6885C77C-16AC-4E1D-AF87-6EC6DD0880E2}.Debug|ARM64.Build.0 = Debug|Any CPU
		{6885C77C-16AC-4E1D-AF87-6EC6DD0880E2}.Debug|iPhone.ActiveCfg = Debug|Any CPU
		{6885C77C-16AC-4E1D-AF87-6EC6DD0880E2}.Debug|iPhone.Build.0 = Debug|Any CPU
		{6885C77C-16AC-4E1D-AF87-6EC6DD0880E2}.Debug|iPhoneSimulator.ActiveCfg = Debug|Any CPU
		{6885C77C-16AC-4E1D-AF87-6EC6DD0880E2}.Debug|iPhoneSimulator.Build.0 = Debug|Any CPU
		{6885C77C-16AC-4E1D-AF87-6EC6DD0880E2}.Debug|x64.ActiveCfg = Debug|Any CPU
		{6885C77C-16AC-4E1D-AF87-6EC6DD0880E2}.Debug|x64.Build.0 = Debug|Any CPU
		{6885C77C-16AC-4E1D-AF87-6EC6DD0880E2}.Debug|x86.ActiveCfg = Debug|Any CPU
		{6885C77C-16AC-4E1D-AF87-6EC6DD0880E2}.Debug|x86.Build.0 = Debug|Any CPU
		{6885C77C-16AC-4E1D-AF87-6EC6DD0880E2}.Release|Any CPU.ActiveCfg = Release|Any CPU
		{6885C77C-16AC-4E1D-AF87-6EC6DD0880E2}.Release|Any CPU.Build.0 = Release|Any CPU
		{6885C77C-16AC-4E1D-AF87-6EC6DD0880E2}.Release|ARM.ActiveCfg = Release|Any CPU
		{6885C77C-16AC-4E1D-AF87-6EC6DD0880E2}.Release|ARM.Build.0 = Release|Any CPU
		{6885C77C-16AC-4E1D-AF87-6EC6DD0880E2}.Release|ARM64.ActiveCfg = Release|Any CPU
		{6885C77C-16AC-4E1D-AF87-6EC6DD0880E2}.Release|ARM64.Build.0 = Release|Any CPU
		{6885C77C-16AC-4E1D-AF87-6EC6DD0880E2}.Release|iPhone.ActiveCfg = Release|Any CPU
		{6885C77C-16AC-4E1D-AF87-6EC6DD0880E2}.Release|iPhone.Build.0 = Release|Any CPU
		{6885C77C-16AC-4E1D-AF87-6EC6DD0880E2}.Release|iPhoneSimulator.ActiveCfg = Release|Any CPU
		{6885C77C-16AC-4E1D-AF87-6EC6DD0880E2}.Release|iPhoneSimulator.Build.0 = Release|Any CPU
		{6885C77C-16AC-4E1D-AF87-6EC6DD0880E2}.Release|x64.ActiveCfg = Release|Any CPU
		{6885C77C-16AC-4E1D-AF87-6EC6DD0880E2}.Release|x64.Build.0 = Release|Any CPU
		{6885C77C-16AC-4E1D-AF87-6EC6DD0880E2}.Release|x86.ActiveCfg = Release|Any CPU
		{6885C77C-16AC-4E1D-AF87-6EC6DD0880E2}.Release|x86.Build.0 = Release|Any CPU
		{EB3146A6-13EF-4F82-9D73-17FE97078AB4}.Ad-Hoc|Any CPU.ActiveCfg = Debug|Any CPU
		{EB3146A6-13EF-4F82-9D73-17FE97078AB4}.Ad-Hoc|Any CPU.Build.0 = Debug|Any CPU
		{EB3146A6-13EF-4F82-9D73-17FE97078AB4}.Ad-Hoc|ARM.ActiveCfg = Debug|Any CPU
		{EB3146A6-13EF-4F82-9D73-17FE97078AB4}.Ad-Hoc|ARM.Build.0 = Debug|Any CPU
		{EB3146A6-13EF-4F82-9D73-17FE97078AB4}.Ad-Hoc|ARM64.ActiveCfg = Debug|Any CPU
		{EB3146A6-13EF-4F82-9D73-17FE97078AB4}.Ad-Hoc|ARM64.Build.0 = Debug|Any CPU
		{EB3146A6-13EF-4F82-9D73-17FE97078AB4}.Ad-Hoc|iPhone.ActiveCfg = Debug|Any CPU
		{EB3146A6-13EF-4F82-9D73-17FE97078AB4}.Ad-Hoc|iPhone.Build.0 = Debug|Any CPU
		{EB3146A6-13EF-4F82-9D73-17FE97078AB4}.Ad-Hoc|iPhoneSimulator.ActiveCfg = Debug|Any CPU
		{EB3146A6-13EF-4F82-9D73-17FE97078AB4}.Ad-Hoc|iPhoneSimulator.Build.0 = Debug|Any CPU
		{EB3146A6-13EF-4F82-9D73-17FE97078AB4}.Ad-Hoc|x64.ActiveCfg = Debug|Any CPU
		{EB3146A6-13EF-4F82-9D73-17FE97078AB4}.Ad-Hoc|x64.Build.0 = Debug|Any CPU
		{EB3146A6-13EF-4F82-9D73-17FE97078AB4}.Ad-Hoc|x86.ActiveCfg = Debug|Any CPU
		{EB3146A6-13EF-4F82-9D73-17FE97078AB4}.Ad-Hoc|x86.Build.0 = Debug|Any CPU
		{EB3146A6-13EF-4F82-9D73-17FE97078AB4}.AppStore|Any CPU.ActiveCfg = Debug|Any CPU
		{EB3146A6-13EF-4F82-9D73-17FE97078AB4}.AppStore|Any CPU.Build.0 = Debug|Any CPU
		{EB3146A6-13EF-4F82-9D73-17FE97078AB4}.AppStore|ARM.ActiveCfg = Debug|Any CPU
		{EB3146A6-13EF-4F82-9D73-17FE97078AB4}.AppStore|ARM.Build.0 = Debug|Any CPU
		{EB3146A6-13EF-4F82-9D73-17FE97078AB4}.AppStore|ARM64.ActiveCfg = Debug|Any CPU
		{EB3146A6-13EF-4F82-9D73-17FE97078AB4}.AppStore|ARM64.Build.0 = Debug|Any CPU
		{EB3146A6-13EF-4F82-9D73-17FE97078AB4}.AppStore|iPhone.ActiveCfg = Debug|Any CPU
		{EB3146A6-13EF-4F82-9D73-17FE97078AB4}.AppStore|iPhone.Build.0 = Debug|Any CPU
		{EB3146A6-13EF-4F82-9D73-17FE97078AB4}.AppStore|iPhoneSimulator.ActiveCfg = Debug|Any CPU
		{EB3146A6-13EF-4F82-9D73-17FE97078AB4}.AppStore|iPhoneSimulator.Build.0 = Debug|Any CPU
		{EB3146A6-13EF-4F82-9D73-17FE97078AB4}.AppStore|x64.ActiveCfg = Debug|Any CPU
		{EB3146A6-13EF-4F82-9D73-17FE97078AB4}.AppStore|x64.Build.0 = Debug|Any CPU
		{EB3146A6-13EF-4F82-9D73-17FE97078AB4}.AppStore|x86.ActiveCfg = Debug|Any CPU
		{EB3146A6-13EF-4F82-9D73-17FE97078AB4}.AppStore|x86.Build.0 = Debug|Any CPU
		{EB3146A6-13EF-4F82-9D73-17FE97078AB4}.Debug|Any CPU.ActiveCfg = Debug|Any CPU
		{EB3146A6-13EF-4F82-9D73-17FE97078AB4}.Debug|Any CPU.Build.0 = Debug|Any CPU
		{EB3146A6-13EF-4F82-9D73-17FE97078AB4}.Debug|ARM.ActiveCfg = Debug|Any CPU
		{EB3146A6-13EF-4F82-9D73-17FE97078AB4}.Debug|ARM.Build.0 = Debug|Any CPU
		{EB3146A6-13EF-4F82-9D73-17FE97078AB4}.Debug|ARM64.ActiveCfg = Debug|Any CPU
		{EB3146A6-13EF-4F82-9D73-17FE97078AB4}.Debug|ARM64.Build.0 = Debug|Any CPU
		{EB3146A6-13EF-4F82-9D73-17FE97078AB4}.Debug|iPhone.ActiveCfg = Debug|Any CPU
		{EB3146A6-13EF-4F82-9D73-17FE97078AB4}.Debug|iPhone.Build.0 = Debug|Any CPU
		{EB3146A6-13EF-4F82-9D73-17FE97078AB4}.Debug|iPhoneSimulator.ActiveCfg = Debug|Any CPU
		{EB3146A6-13EF-4F82-9D73-17FE97078AB4}.Debug|iPhoneSimulator.Build.0 = Debug|Any CPU
		{EB3146A6-13EF-4F82-9D73-17FE97078AB4}.Debug|x64.ActiveCfg = Debug|Any CPU
		{EB3146A6-13EF-4F82-9D73-17FE97078AB4}.Debug|x64.Build.0 = Debug|Any CPU
		{EB3146A6-13EF-4F82-9D73-17FE97078AB4}.Debug|x86.ActiveCfg = Debug|Any CPU
		{EB3146A6-13EF-4F82-9D73-17FE97078AB4}.Debug|x86.Build.0 = Debug|Any CPU
		{EB3146A6-13EF-4F82-9D73-17FE97078AB4}.Release|Any CPU.ActiveCfg = Release|Any CPU
		{EB3146A6-13EF-4F82-9D73-17FE97078AB4}.Release|Any CPU.Build.0 = Release|Any CPU
		{EB3146A6-13EF-4F82-9D73-17FE97078AB4}.Release|ARM.ActiveCfg = Release|Any CPU
		{EB3146A6-13EF-4F82-9D73-17FE97078AB4}.Release|ARM.Build.0 = Release|Any CPU
		{EB3146A6-13EF-4F82-9D73-17FE97078AB4}.Release|ARM64.ActiveCfg = Release|Any CPU
		{EB3146A6-13EF-4F82-9D73-17FE97078AB4}.Release|ARM64.Build.0 = Release|Any CPU
		{EB3146A6-13EF-4F82-9D73-17FE97078AB4}.Release|iPhone.ActiveCfg = Release|Any CPU
		{EB3146A6-13EF-4F82-9D73-17FE97078AB4}.Release|iPhone.Build.0 = Release|Any CPU
		{EB3146A6-13EF-4F82-9D73-17FE97078AB4}.Release|iPhoneSimulator.ActiveCfg = Release|Any CPU
		{EB3146A6-13EF-4F82-9D73-17FE97078AB4}.Release|iPhoneSimulator.Build.0 = Release|Any CPU
		{EB3146A6-13EF-4F82-9D73-17FE97078AB4}.Release|x64.ActiveCfg = Release|Any CPU
		{EB3146A6-13EF-4F82-9D73-17FE97078AB4}.Release|x64.Build.0 = Release|Any CPU
		{EB3146A6-13EF-4F82-9D73-17FE97078AB4}.Release|x86.ActiveCfg = Release|Any CPU
		{EB3146A6-13EF-4F82-9D73-17FE97078AB4}.Release|x86.Build.0 = Release|Any CPU
	EndGlobalSection
	GlobalSection(SolutionProperties) = preSolution
		HideSolutionNode = FALSE
	EndGlobalSection
	GlobalSection(NestedProjects) = preSolution
		{128B70EC-AAF1-41BC-A48C-1B11EE173016} = {CDBF1527-3A6D-4240-A84E-832A31DC7104}
		{2D955BB5-7D03-4940-A276-BA522406C123} = {CDBF1527-3A6D-4240-A84E-832A31DC7104}
		{BA0F0E94-98BF-4D05-A7EB-9C20C7A4BFCB} = {CDBF1527-3A6D-4240-A84E-832A31DC7104}
		{A3A68186-41A1-4C8B-ABD4-3F1BAF9B9F93} = {CDBF1527-3A6D-4240-A84E-832A31DC7104}
		{C1D27656-4A85-4052-995D-E99D0AE648B9} = {CDBF1527-3A6D-4240-A84E-832A31DC7104}
		{6F3C2340-59D3-41EB-A34E-CF9936F9E93A} = {CDBF1527-3A6D-4240-A84E-832A31DC7104}
		{7498FE54-379D-4B60-B22E-98D0AA1743F5} = {CDBF1527-3A6D-4240-A84E-832A31DC7104}
		{6885C77C-16AC-4E1D-AF87-6EC6DD0880E2} = {CDBF1527-3A6D-4240-A84E-832A31DC7104}
		{EB3146A6-13EF-4F82-9D73-17FE97078AB4} = {CDBF1527-3A6D-4240-A84E-832A31DC7104}
	EndGlobalSection
	GlobalSection(ExtensibilityGlobals) = postSolution
		SolutionGuid = {88175096-62D1-4ACB-9C4B-7FCF362E0528}
	EndGlobalSection
EndGlobal
